{
 "schema": "dogg/0-codebook-lock",
 "version": 1,
 "rule": "append-only: never reorder or remove a word, an op, or a field; a change here re-means every chant ever spoken",
 "sha256": {
  "wordlist": "9f8f5599c96dc8c7416718b891b7c8e1e4881ea4724627ddc55cc4799cf03520",
  "ops": "89f89e74e2d327bcc979ac5e72f60a52ff080511ff5c3950b0ab6d804840eda7",
  "fields": "e959d260dacfc6ac8e01ecea8079db17220fa2edc63e5d8fa0ef965381fb7a50"
 }
}
